// !$*UTF8*$!
{
	archiveVersion = 1;
	classes = {
	};
	objectVersion = 46;
	objects = {

/* Begin PBXBuildFile section */
		FF0D4C0B12ED96E500D9B97D /* IRWebAPIHelpers.m in Sources */ = {isa = PBXBuildFile; fileRef = FF0D4C0A12ED96E500D9B97D /* IRWebAPIHelpers.m */; };
		FF0E874112B9F41C00DF571E /* IRWebAPIInterfaceURLShortening.h in Headers */ = {isa = PBXBuildFile; fileRef = FF0E874012B9F41C00DF571E /* IRWebAPIInterfaceURLShortening.h */; };
		FF0E93E9132BB07000A316E1 /* IRRemoteResourcesManager.h in Headers */ = {isa = PBXBuildFile; fileRef = FF0E93E7132BB07000A316E1 /* IRRemoteResourcesManager.h */; };
		FF0E93EA132BB07000A316E1 /* IRRemoteResourcesManager.m in Sources */ = {isa = PBXBuildFile; fileRef = FF0E93E8132BB07000A316E1 /* IRRemoteResourcesManager.m */; };
		FF1B23CD12F3400F00B30B99 /* IRWebAPIInterface+Validators.h in Headers */ = {isa = PBXBuildFile; fileRef = FF1B23CB12F3400F00B30B99 /* IRWebAPIInterface+Validators.h */; };
		FF1B23CE12F3400F00B30B99 /* IRWebAPIInterface+Validators.m in Sources */ = {isa = PBXBuildFile; fileRef = FF1B23CC12F3400F00B30B99 /* IRWebAPIInterface+Validators.m */; };
		FF25FA2F1299406200975BE3 /* IRWebAPICredentials.h in Headers */ = {isa = PBXBuildFile; fileRef = FF25FA2D1299406200975BE3 /* IRWebAPICredentials.h */; };
		FF25FA301299406200975BE3 /* IRWebAPICredentials.m in Sources */ = {isa = PBXBuildFile; fileRef = FF25FA2E1299406200975BE3 /* IRWebAPICredentials.m */; };
		FF25FA331299406800975BE3 /* IRWebAPIAuthenticator.h in Headers */ = {isa = PBXBuildFile; fileRef = FF25FA311299406800975BE3 /* IRWebAPIAuthenticator.h */; };
		FF25FA341299406800975BE3 /* IRWebAPIAuthenticator.m in Sources */ = {isa = PBXBuildFile; fileRef = FF25FA321299406800975BE3 /* IRWebAPIAuthenticator.m */; };
		FF25FA7F129944E800975BE3 /* IRWebAPIGoogleReaderAuthenticator.h in Headers */ = {isa = PBXBuildFile; fileRef = FF25FA7D129944E800975BE3 /* IRWebAPIGoogleReaderAuthenticator.h */; };
		FF25FA80129944E800975BE3 /* IRWebAPIGoogleReaderAuthenticator.m in Sources */ = {isa = PBXBuildFile; fileRef = FF25FA7E129944E800975BE3 /* IRWebAPIGoogleReaderAuthenticator.m */; };
		FF25FCCA12996A5600975BE3 /* IRWebAPIXOAuthAuthenticator.h in Headers */ = {isa = PBXBuildFile; fileRef = FF25FCC812996A5600975BE3 /* IRWebAPIXOAuthAuthenticator.h */; };
		FF25FCCB12996A5600975BE3 /* IRWebAPIXOAuthAuthenticator.m in Sources */ = {isa = PBXBuildFile; fileRef = FF25FCC912996A5600975BE3 /* IRWebAPIXOAuthAuthenticator.m */; };
		FF25FD7E129971EC00975BE3 /* IRWebAPIHelpers.h in Headers */ = {isa = PBXBuildFile; fileRef = FF25FD7D129971EC00975BE3 /* IRWebAPIHelpers.h */; };
		FF3DD7BA1348839D000C6380 /* IRWebAPITwitterInterface+Friendships.h in Headers */ = {isa = PBXBuildFile; fileRef = FF3DD7B81348839D000C6380 /* IRWebAPITwitterInterface+Friendships.h */; };
		FF3DD7BB1348839D000C6380 /* IRWebAPITwitterInterface+Friendships.m in Sources */ = {isa = PBXBuildFile; fileRef = FF3DD7B91348839D000C6380 /* IRWebAPITwitterInterface+Friendships.m */; };
		FF45629312D057D6000239DC /* SenTestingKit.framework in Frameworks */ = {isa = PBXBuildFile; fileRef = FF45629212D057D6000239DC /* SenTestingKit.framework */; };
		FF45629712D057F1000239DC /* libIRWebAPIKit.a in Frameworks */ = {isa = PBXBuildFile; fileRef = FF7408241296A8D200571D46 /* libIRWebAPIKit.a */; };
		FF4562F512D0589B000239DC /* TestIRWebAPIKitStringHelpers.m in Sources */ = {isa = PBXBuildFile; fileRef = FF45628D12D05769000239DC /* TestIRWebAPIKitStringHelpers.m */; };
		FF45635B12D06A46000239DC /* IRWebAPIKitEntityDefines.h in Headers */ = {isa = PBXBuildFile; fileRef = FF45635A12D06A46000239DC /* IRWebAPIKitEntityDefines.h */; };
		FF45635D12D06A50000239DC /* IRWebAPIKitEntityDefinesHeader.h in Headers */ = {isa = PBXBuildFile; fileRef = FF45635C12D06A50000239DC /* IRWebAPIKitEntityDefinesHeader.h */; };
		FF45637812D07653000239DC /* IRWebAPIKitEntityDefinesFooter.h in Headers */ = {isa = PBXBuildFile; fileRef = FF45637712D07653000239DC /* IRWebAPIKitEntityDefinesFooter.h */; };
		FF47A29B12A6486900AF729F /* IRWebAPIInterfaceAuthenticating.h in Headers */ = {isa = PBXBuildFile; fileRef = FF47A29A12A6486900AF729F /* IRWebAPIInterfaceAuthenticating.h */; };
		FF48661612A6329900B75591 /* IRWebAPIGoogleReaderInterface.h in Headers */ = {isa = PBXBuildFile; fileRef = FF48661412A6329900B75591 /* IRWebAPIGoogleReaderInterface.h */; };
		FF48661712A6329900B75591 /* IRWebAPIGoogleReaderInterface.m in Sources */ = {isa = PBXBuildFile; fileRef = FF48661512A6329900B75591 /* IRWebAPIGoogleReaderInterface.m */; };
		FF4FCC6212F4637F0037F33C /* IRWebAPIResponseParser.m in Sources */ = {isa = PBXBuildFile; fileRef = FF4FCC6112F4637F0037F33C /* IRWebAPIResponseParser.m */; };
		FF5147BE12BBBBC000F7424F /* IRWebAPITwitterInterface+Timeline.h in Headers */ = {isa = PBXBuildFile; fileRef = FF5147BC12BBBBC000F7424F /* IRWebAPITwitterInterface+Timeline.h */; };
		FF5147BF12BBBBC000F7424F /* IRWebAPITwitterInterface+Timeline.m in Sources */ = {isa = PBXBuildFile; fileRef = FF5147BD12BBBBC000F7424F /* IRWebAPITwitterInterface+Timeline.m */; };
		FF609D1F12E4A13E00CD61EB /* IRWebAPITwitterInterface+DirectMessages.h in Headers */ = {isa = PBXBuildFile; fileRef = FF609D1D12E4A13E00CD61EB /* IRWebAPITwitterInterface+DirectMessages.h */; };
		FF609D2012E4A13E00CD61EB /* IRWebAPITwitterInterface+DirectMessages.m in Sources */ = {isa = PBXBuildFile; fileRef = FF609D1E12E4A13E00CD61EB /* IRWebAPITwitterInterface+DirectMessages.m */; };
		FF74082B1296A8E000571D46 /* IRWebAPIKit.h in Headers */ = {isa = PBXBuildFile; fileRef = FF7408291296A8E000571D46 /* IRWebAPIKit.h */; };
		FF7408471296A94900571D46 /* IRWebAPIEngine.h in Headers */ = {isa = PBXBuildFile; fileRef = FF7408451296A94900571D46 /* IRWebAPIEngine.h */; };
		FF7408481296A94900571D46 /* IRWebAPIEngine.m in Sources */ = {isa = PBXBuildFile; fileRef = FF7408461296A94900571D46 /* IRWebAPIEngine.m */; };
		FF7408991296B06F00571D46 /* IRWebAPIContext.h in Headers */ = {isa = PBXBuildFile; fileRef = FF7408971296B06F00571D46 /* IRWebAPIContext.h */; };
		FF74089A1296B06F00571D46 /* IRWebAPIContext.m in Sources */ = {isa = PBXBuildFile; fileRef = FF7408981296B06F00571D46 /* IRWebAPIContext.m */; };
		FF740CAA1296EB0C00571D46 /* IRWebAPIResponseParser.h in Headers */ = {isa = PBXBuildFile; fileRef = FF740CA91296EB0C00571D46 /* IRWebAPIResponseParser.h */; };
		FF7F44A712EDB36E00DC1628 /* IRWebAPIInterfaceOAuthEchoReliance.h in Headers */ = {isa = PBXBuildFile; fileRef = FF7F44A612EDB36E00DC1628 /* IRWebAPIInterfaceOAuthEchoReliance.h */; };
		FF7F44B712EDB44400DC1628 /* IRWebAPITwitPicInterface.h in Headers */ = {isa = PBXBuildFile; fileRef = FF7F44B512EDB44400DC1628 /* IRWebAPITwitPicInterface.h */; };
		FF7F44B812EDB44400DC1628 /* IRWebAPITwitPicInterface.m in Sources */ = {isa = PBXBuildFile; fileRef = FF7F44B612EDB44400DC1628 /* IRWebAPITwitPicInterface.m */; };
		FF7F44C412EDB52800DC1628 /* IRWebAPIImageStorageProvider.h in Headers */ = {isa = PBXBuildFile; fileRef = FF7F44C312EDB52800DC1628 /* IRWebAPIImageStorageProvider.h */; };
		FF7F44E112EDB74F00DC1628 /* CoreFoundation.framework in Frameworks */ = {isa = PBXBuildFile; fileRef = FF7F44E012EDB74F00DC1628 /* CoreFoundation.framework */; };
		FF7F44E312EDB74F00DC1628 /* Foundation.framework in Frameworks */ = {isa = PBXBuildFile; fileRef = FF7F44E212EDB74F00DC1628 /* Foundation.framework */; };
		FF7F44E712EDB74F00DC1628 /* Security.framework in Frameworks */ = {isa = PBXBuildFile; fileRef = FF7F44E612EDB74F00DC1628 /* Security.framework */; };
		FF7F44E912EDB74F00DC1628 /* SystemConfiguration.framework in Frameworks */ = {isa = PBXBuildFile; fileRef = FF7F44E812EDB74F00DC1628 /* SystemConfiguration.framework */; };
		FF896A6B12A5666D00AE2AF3 /* IRWebAPIInterface.h in Headers */ = {isa = PBXBuildFile; fileRef = FF896A6912A5666D00AE2AF3 /* IRWebAPIInterface.h */; };
		FF896A6C12A5666D00AE2AF3 /* IRWebAPIInterface.m in Sources */ = {isa = PBXBuildFile; fileRef = FF896A6A12A5666D00AE2AF3 /* IRWebAPIInterface.m */; };
		FF896DD512A567FA00AE2AF3 /* IRWebAPITwitterInterface.h in Headers */ = {isa = PBXBuildFile; fileRef = FF896DD312A567FA00AE2AF3 /* IRWebAPITwitterInterface.h */; };
		FF896DD612A567FA00AE2AF3 /* IRWebAPITwitterInterface.m in Sources */ = {isa = PBXBuildFile; fileRef = FF896DD412A567FA00AE2AF3 /* IRWebAPITwitterInterface.m */; };
		FF8974E212A57F3800AE2AF3 /* IRWebAPIInterfaceXOAuthAuthenticating.h in Headers */ = {isa = PBXBuildFile; fileRef = FF8974E112A57F3800AE2AF3 /* IRWebAPIInterfaceXOAuthAuthenticating.h */; };
		FF9AFB4212EC59040037E930 /* IRWebAPIEngine+LocalCaching.h in Headers */ = {isa = PBXBuildFile; fileRef = FF9AFB4012EC59040037E930 /* IRWebAPIEngine+LocalCaching.h */; };
		FF9AFB4312EC59040037E930 /* IRWebAPIEngine+LocalCaching.m in Sources */ = {isa = PBXBuildFile; fileRef = FF9AFB4112EC59040037E930 /* IRWebAPIEngine+LocalCaching.m */; };
		FF9AFB4C12EC597C0037E930 /* IRWebAPIKitDefines.h in Headers */ = {isa = PBXBuildFile; fileRef = FF9AFB4B12EC597C0037E930 /* IRWebAPIKitDefines.h */; };
		FF9AFB7312EC5C060037E930 /* IRWebAPIEngine+FormMultipart.h in Headers */ = {isa = PBXBuildFile; fileRef = FF9AFB7112EC5C060037E930 /* IRWebAPIEngine+FormMultipart.h */; };
		FF9AFB7412EC5C060037E930 /* IRWebAPIEngine+FormMultipart.m in Sources */ = {isa = PBXBuildFile; fileRef = FF9AFB7212EC5C060037E930 /* IRWebAPIEngine+FormMultipart.m */; };
		FF9AFB8012EC5CB80037E930 /* IRWebAPIKitDefines.m in Sources */ = {isa = PBXBuildFile; fileRef = FF9AFB7F12EC5CB80037E930 /* IRWebAPIKitDefines.m */; };
		FF9AFBF312EC5E9F0037E930 /* IRWebAPIKitDefines.m in Sources */ = {isa = PBXBuildFile; fileRef = FF9AFB7F12EC5CB80037E930 /* IRWebAPIKitDefines.m */; };
		FFC41B9112B8C59B008EF3D4 /* IRWebAPITwitterInterface+Geo.h in Headers */ = {isa = PBXBuildFile; fileRef = FFC41B8F12B8C59B008EF3D4 /* IRWebAPITwitterInterface+Geo.h */; };
		FFC41B9212B8C59B008EF3D4 /* IRWebAPITwitterInterface+Geo.m in Sources */ = {isa = PBXBuildFile; fileRef = FFC41B9012B8C59B008EF3D4 /* IRWebAPITwitterInterface+Geo.m */; };
		FFDA9D0A13278C4500546B66 /* MobileCoreServices.framework in Frameworks */ = {isa = PBXBuildFile; fileRef = FFDA9D0913278C4500546B66 /* MobileCoreServices.framework */; };
		FFF90E1C12E3805D00464897 /* IRWebAPITwitterInterface+Lists.m in Sources */ = {isa = PBXBuildFile; fileRef = FFF90C9512E3768C00464897 /* IRWebAPITwitterInterface+Lists.m */; };
		FFF90E1D12E3805D00464897 /* IRWebAPITwitterInterface+Validators.m in Sources */ = {isa = PBXBuildFile; fileRef = FFF90D0A12E37D0400464897 /* IRWebAPITwitterInterface+Validators.m */; };
		FFF90E1E12E3807700464897 /* IRWebAPITwitterInterface+Validators.h in Headers */ = {isa = PBXBuildFile; fileRef = FFF90D0912E37D0400464897 /* IRWebAPITwitterInterface+Validators.h */; };
		FFF90E1F12E3807700464897 /* IRWebAPITwitterInterface+Validators.m in Headers */ = {isa = PBXBuildFile; fileRef = FFF90D0A12E37D0400464897 /* IRWebAPITwitterInterface+Validators.m */; };
		FFF90E2012E3807700464897 /* IRWebAPITwitterInterface.m in Headers */ = {isa = PBXBuildFile; fileRef = FF896DD412A567FA00AE2AF3 /* IRWebAPITwitterInterface.m */; };
		FFF90E2112E3807700464897 /* IRWebAPITwitterInterface+Timeline.m in Headers */ = {isa = PBXBuildFile; fileRef = FF5147BD12BBBBC000F7424F /* IRWebAPITwitterInterface+Timeline.m */; };
		FFF90E2212E3807700464897 /* IRWebAPITwitterInterface+Lists.h in Headers */ = {isa = PBXBuildFile; fileRef = FFF90C9412E3768C00464897 /* IRWebAPITwitterInterface+Lists.h */; };
		FFF90E2312E3807700464897 /* IRWebAPITwitterInterface+Lists.m in Headers */ = {isa = PBXBuildFile; fileRef = FFF90C9512E3768C00464897 /* IRWebAPITwitterInterface+Lists.m */; };
		FFF90E2412E3807700464897 /* IRWebAPITwitterInterface+Geo.m in Headers */ = {isa = PBXBuildFile; fileRef = FFC41B9012B8C59B008EF3D4 /* IRWebAPITwitterInterface+Geo.m */; };
		FFF90E2512E3807700464897 /* IRWebAPIGoogleReaderInterface.m in Headers */ = {isa = PBXBuildFile; fileRef = FF48661512A6329900B75591 /* IRWebAPIGoogleReaderInterface.m */; };
		FFF90E2812E3808200464897 /* IRWebAPIKitTestOAuthHelpers.m in Sources */ = {isa = PBXBuildFile; fileRef = FF8A111812DF22C6002C9BCA /* IRWebAPIKitTestOAuthHelpers.m */; };
		FFF90E2B12E3808F00464897 /* TestIRWebAPIKitStringHelpers.h in Headers */ = {isa = PBXBuildFile; fileRef = FF45628C12D05769000239DC /* TestIRWebAPIKitStringHelpers.h */; };
		FFF90E2C12E3808F00464897 /* IRWebAPIKitTestOAuthHelpers.h in Headers */ = {isa = PBXBuildFile; fileRef = FF8A111712DF22C6002C9BCA /* IRWebAPIKitTestOAuthHelpers.h */; };
/* End PBXBuildFile section */

/* Begin PBXContainerItemProxy section */
		FF45627D12D0571F000239DC /* PBXContainerItemProxy */ = {
			isa = PBXContainerItemProxy;
			containerPortal = FF74080E1296A88400571D46 /* Project object */;
			proxyType = 1;
			remoteGlobalIDString = FF7408231296A8D200571D46;
			remoteInfo = IRWebAPIKit;
		};
/* End PBXContainerItemProxy section */

/* Begin PBXFileReference section */
		FF0D4C0A12ED96E500D9B97D /* IRWebAPIHelpers.m */ = {isa = PBXFileReference; fileEncoding = 4; lastKnownFileType = sourcecode.c.objc; path = IRWebAPIHelpers.m; sourceTree = "<group>"; };
		FF0E874012B9F41C00DF571E /* IRWebAPIInterfaceURLShortening.h */ = {isa = PBXFileReference; fileEncoding = 4; lastKnownFileType = sourcecode.c.h; path = IRWebAPIInterfaceURLShortening.h; sourceTree = "<group>"; };
		FF0E93E7132BB07000A316E1 /* IRRemoteResourcesManager.h */ = {isa = PBXFileReference; fileEncoding = 4; lastKnownFileType = sourcecode.c.h; path = IRRemoteResourcesManager.h; sourceTree = "<group>"; };
		FF0E93E8132BB07000A316E1 /* IRRemoteResourcesManager.m */ = {isa = PBXFileReference; fileEncoding = 4; lastKnownFileType = sourcecode.c.objc; path = IRRemoteResourcesManager.m; sourceTree = "<group>"; };
		FF1B23CB12F3400F00B30B99 /* IRWebAPIInterface+Validators.h */ = {isa = PBXFileReference; fileEncoding = 4; lastKnownFileType = sourcecode.c.h; path = "IRWebAPIInterface+Validators.h"; sourceTree = "<group>"; };
		FF1B23CC12F3400F00B30B99 /* IRWebAPIInterface+Validators.m */ = {isa = PBXFileReference; fileEncoding = 4; lastKnownFileType = sourcecode.c.objc; path = "IRWebAPIInterface+Validators.m"; sourceTree = "<group>"; };
		FF25FA2D1299406200975BE3 /* IRWebAPICredentials.h */ = {isa = PBXFileReference; fileEncoding = 4; lastKnownFileType = sourcecode.c.h; path = IRWebAPICredentials.h; sourceTree = "<group>"; };
		FF25FA2E1299406200975BE3 /* IRWebAPICredentials.m */ = {isa = PBXFileReference; fileEncoding = 4; lastKnownFileType = sourcecode.c.objc; path = IRWebAPICredentials.m; sourceTree = "<group>"; };
		FF25FA311299406800975BE3 /* IRWebAPIAuthenticator.h */ = {isa = PBXFileReference; fileEncoding = 4; lastKnownFileType = sourcecode.c.h; path = IRWebAPIAuthenticator.h; sourceTree = "<group>"; };
		FF25FA321299406800975BE3 /* IRWebAPIAuthenticator.m */ = {isa = PBXFileReference; fileEncoding = 4; lastKnownFileType = sourcecode.c.objc; path = IRWebAPIAuthenticator.m; sourceTree = "<group>"; };
		FF25FA7D129944E800975BE3 /* IRWebAPIGoogleReaderAuthenticator.h */ = {isa = PBXFileReference; fileEncoding = 4; lastKnownFileType = sourcecode.c.h; path = IRWebAPIGoogleReaderAuthenticator.h; sourceTree = "<group>"; };
		FF25FA7E129944E800975BE3 /* IRWebAPIGoogleReaderAuthenticator.m */ = {isa = PBXFileReference; fileEncoding = 4; lastKnownFileType = sourcecode.c.objc; path = IRWebAPIGoogleReaderAuthenticator.m; sourceTree = "<group>"; };
		FF25FCC812996A5600975BE3 /* IRWebAPIXOAuthAuthenticator.h */ = {isa = PBXFileReference; fileEncoding = 4; lastKnownFileType = sourcecode.c.h; path = IRWebAPIXOAuthAuthenticator.h; sourceTree = "<group>"; };
		FF25FCC912996A5600975BE3 /* IRWebAPIXOAuthAuthenticator.m */ = {isa = PBXFileReference; fileEncoding = 4; lastKnownFileType = sourcecode.c.objc; path = IRWebAPIXOAuthAuthenticator.m; sourceTree = "<group>"; };
		FF25FD7D129971EC00975BE3 /* IRWebAPIHelpers.h */ = {isa = PBXFileReference; fileEncoding = 4; lastKnownFileType = sourcecode.c.h; path = IRWebAPIHelpers.h; sourceTree = "<group>"; };
		FF3DD7B81348839D000C6380 /* IRWebAPITwitterInterface+Friendships.h */ = {isa = PBXFileReference; fileEncoding = 4; lastKnownFileType = sourcecode.c.h; path = "IRWebAPITwitterInterface+Friendships.h"; sourceTree = "<group>"; };
		FF3DD7B91348839D000C6380 /* IRWebAPITwitterInterface+Friendships.m */ = {isa = PBXFileReference; fileEncoding = 4; lastKnownFileType = sourcecode.c.objc; path = "IRWebAPITwitterInterface+Friendships.m"; sourceTree = "<group>"; };
		FF45627812D05708000239DC /* IRWebAPIKitTest.octest */ = {isa = PBXFileReference; explicitFileType = wrapper.cfbundle; includeInIndex = 0; path = IRWebAPIKitTest.octest; sourceTree = BUILT_PRODUCTS_DIR; };
		FF45627912D05708000239DC /* IRWebAPIKitTest-Info.plist */ = {isa = PBXFileReference; lastKnownFileType = text.plist.xml; path = "IRWebAPIKitTest-Info.plist"; sourceTree = "<group>"; };
		FF45628C12D05769000239DC /* TestIRWebAPIKitStringHelpers.h */ = {isa = PBXFileReference; fileEncoding = 4; lastKnownFileType = sourcecode.c.h; path = TestIRWebAPIKitStringHelpers.h; sourceTree = "<group>"; };
		FF45628D12D05769000239DC /* TestIRWebAPIKitStringHelpers.m */ = {isa = PBXFileReference; fileEncoding = 4; lastKnownFileType = sourcecode.c.objc; path = TestIRWebAPIKitStringHelpers.m; sourceTree = "<group>"; };
		FF45629212D057D6000239DC /* SenTestingKit.framework */ = {isa = PBXFileReference; lastKnownFileType = wrapper.framework; name = SenTestingKit.framework; path = Library/Frameworks/SenTestingKit.framework; sourceTree = DEVELOPER_DIR; };
		FF45635A12D06A46000239DC /* IRWebAPIKitEntityDefines.h */ = {isa = PBXFileReference; fileEncoding = 4; lastKnownFileType = sourcecode.c.h; path = IRWebAPIKitEntityDefines.h; sourceTree = "<group>"; };
		FF45635C12D06A50000239DC /* IRWebAPIKitEntityDefinesHeader.h */ = {isa = PBXFileReference; fileEncoding = 4; lastKnownFileType = sourcecode.c.h; path = IRWebAPIKitEntityDefinesHeader.h; sourceTree = "<group>"; };
		FF45637712D07653000239DC /* IRWebAPIKitEntityDefinesFooter.h */ = {isa = PBXFileReference; fileEncoding = 4; lastKnownFileType = sourcecode.c.h; path = IRWebAPIKitEntityDefinesFooter.h; sourceTree = "<group>"; };
		FF47A29A12A6486900AF729F /* IRWebAPIInterfaceAuthenticating.h */ = {isa = PBXFileReference; fileEncoding = 4; lastKnownFileType = sourcecode.c.h; path = IRWebAPIInterfaceAuthenticating.h; sourceTree = "<group>"; };
		FF48661412A6329900B75591 /* IRWebAPIGoogleReaderInterface.h */ = {isa = PBXFileReference; fileEncoding = 4; lastKnownFileType = sourcecode.c.h; path = IRWebAPIGoogleReaderInterface.h; sourceTree = "<group>"; };
		FF48661512A6329900B75591 /* IRWebAPIGoogleReaderInterface.m */ = {isa = PBXFileReference; fileEncoding = 4; lastKnownFileType = sourcecode.c.objc; path = IRWebAPIGoogleReaderInterface.m; sourceTree = "<group>"; };
		FF4FCC6112F4637F0037F33C /* IRWebAPIResponseParser.m */ = {isa = PBXFileReference; fileEncoding = 4; lastKnownFileType = sourcecode.c.objc; path = IRWebAPIResponseParser.m; sourceTree = "<group>"; };
		FF5147BC12BBBBC000F7424F /* IRWebAPITwitterInterface+Timeline.h */ = {isa = PBXFileReference; fileEncoding = 4; lastKnownFileType = sourcecode.c.h; path = "IRWebAPITwitterInterface+Timeline.h"; sourceTree = "<group>"; };
		FF5147BD12BBBBC000F7424F /* IRWebAPITwitterInterface+Timeline.m */ = {isa = PBXFileReference; fileEncoding = 4; lastKnownFileType = sourcecode.c.objc; path = "IRWebAPITwitterInterface+Timeline.m"; sourceTree = "<group>"; };
		FF609D1D12E4A13E00CD61EB /* IRWebAPITwitterInterface+DirectMessages.h */ = {isa = PBXFileReference; fileEncoding = 4; lastKnownFileType = sourcecode.c.h; path = "IRWebAPITwitterInterface+DirectMessages.h"; sourceTree = "<group>"; };
		FF609D1E12E4A13E00CD61EB /* IRWebAPITwitterInterface+DirectMessages.m */ = {isa = PBXFileReference; fileEncoding = 4; lastKnownFileType = sourcecode.c.objc; path = "IRWebAPITwitterInterface+DirectMessages.m"; sourceTree = "<group>"; };
		FF74081A1296A89500571D46 /* IRSiteReachability.j */ = {isa = PBXFileReference; fileEncoding = 4; lastKnownFileType = text; path = IRSiteReachability.j; sourceTree = "<group>"; };
		FF74081B1296A89500571D46 /* IRWebAPIContext.j */ = {isa = PBXFileReference; fileEncoding = 4; lastKnownFileType = text; path = IRWebAPIContext.j; sourceTree = "<group>"; };
		FF74081C1296A89500571D46 /* IRWebAPIEngine.j */ = {isa = PBXFileReference; fileEncoding = 4; lastKnownFileType = text; path = IRWebAPIEngine.j; sourceTree = "<group>"; };
		FF74081D1296A89500571D46 /* IRWebAPIKit.j */ = {isa = PBXFileReference; fileEncoding = 4; lastKnownFileType = text; path = IRWebAPIKit.j; sourceTree = "<group>"; };
		FF74081E1296A89500571D46 /* IRWebAPIMockJSONPConnection.j */ = {isa = PBXFileReference; fileEncoding = 4; lastKnownFileType = text; path = IRWebAPIMockJSONPConnection.j; sourceTree = "<group>"; };
		FF74081F1296A89500571D46 /* IRWebAPIModel.j */ = {isa = PBXFileReference; fileEncoding = 4; lastKnownFileType = text; path = IRWebAPIModel.j; sourceTree = "<group>"; };
		FF7408241296A8D200571D46 /* libIRWebAPIKit.a */ = {isa = PBXFileReference; explicitFileType = archive.ar; includeInIndex = 0; path = libIRWebAPIKit.a; sourceTree = BUILT_PRODUCTS_DIR; };
		FF7408291296A8E000571D46 /* IRWebAPIKit.h */ = {isa = PBXFileReference; fileEncoding = 4; lastKnownFileType = sourcecode.c.h; path = IRWebAPIKit.h; sourceTree = "<group>"; };
		FF7408451296A94900571D46 /* IRWebAPIEngine.h */ = {isa = PBXFileReference; fileEncoding = 4; lastKnownFileType = sourcecode.c.h; path = IRWebAPIEngine.h; sourceTree = "<group>"; };
		FF7408461296A94900571D46 /* IRWebAPIEngine.m */ = {isa = PBXFileReference; fileEncoding = 4; lastKnownFileType = sourcecode.c.objc; path = IRWebAPIEngine.m; sourceTree = "<group>"; };
		FF7408971296B06F00571D46 /* IRWebAPIContext.h */ = {isa = PBXFileReference; fileEncoding = 4; lastKnownFileType = sourcecode.c.h; path = IRWebAPIContext.h; sourceTree = "<group>"; };
		FF7408981296B06F00571D46 /* IRWebAPIContext.m */ = {isa = PBXFileReference; fileEncoding = 4; lastKnownFileType = sourcecode.c.objc; path = IRWebAPIContext.m; sourceTree = "<group>"; };
		FF740CA91296EB0C00571D46 /* IRWebAPIResponseParser.h */ = {isa = PBXFileReference; fileEncoding = 4; lastKnownFileType = sourcecode.c.h; path = IRWebAPIResponseParser.h; sourceTree = "<group>"; };
		FF7F44A612EDB36E00DC1628 /* IRWebAPIInterfaceOAuthEchoReliance.h */ = {isa = PBXFileReference; fileEncoding = 4; lastKnownFileType = sourcecode.c.h; path = IRWebAPIInterfaceOAuthEchoReliance.h; sourceTree = "<group>"; };
		FF7F44B512EDB44400DC1628 /* IRWebAPITwitPicInterface.h */ = {isa = PBXFileReference; fileEncoding = 4; lastKnownFileType = sourcecode.c.h; path = IRWebAPITwitPicInterface.h; sourceTree = "<group>"; };
		FF7F44B612EDB44400DC1628 /* IRWebAPITwitPicInterface.m */ = {isa = PBXFileReference; fileEncoding = 4; lastKnownFileType = sourcecode.c.objc; path = IRWebAPITwitPicInterface.m; sourceTree = "<group>"; };
		FF7F44C312EDB52800DC1628 /* IRWebAPIImageStorageProvider.h */ = {isa = PBXFileReference; fileEncoding = 4; lastKnownFileType = sourcecode.c.h; path = IRWebAPIImageStorageProvider.h; sourceTree = "<group>"; };
		FF7F44E012EDB74F00DC1628 /* CoreFoundation.framework */ = {isa = PBXFileReference; lastKnownFileType = wrapper.framework; name = CoreFoundation.framework; path = System/Library/Frameworks/CoreFoundation.framework; sourceTree = SDKROOT; };
		FF7F44E212EDB74F00DC1628 /* Foundation.framework */ = {isa = PBXFileReference; lastKnownFileType = wrapper.framework; name = Foundation.framework; path = System/Library/Frameworks/Foundation.framework; sourceTree = SDKROOT; };
		FF7F44E612EDB74F00DC1628 /* Security.framework */ = {isa = PBXFileReference; lastKnownFileType = wrapper.framework; name = Security.framework; path = System/Library/Frameworks/Security.framework; sourceTree = SDKROOT; };
		FF7F44E812EDB74F00DC1628 /* SystemConfiguration.framework */ = {isa = PBXFileReference; lastKnownFileType = wrapper.framework; name = SystemConfiguration.framework; path = System/Library/Frameworks/SystemConfiguration.framework; sourceTree = SDKROOT; };
		FF896A6912A5666D00AE2AF3 /* IRWebAPIInterface.h */ = {isa = PBXFileReference; fileEncoding = 4; lastKnownFileType = sourcecode.c.h; path = IRWebAPIInterface.h; sourceTree = "<group>"; };
		FF896A6A12A5666D00AE2AF3 /* IRWebAPIInterface.m */ = {isa = PBXFileReference; fileEncoding = 4; lastKnownFileType = sourcecode.c.objc; path = IRWebAPIInterface.m; sourceTree = "<group>"; };
		FF896DD312A567FA00AE2AF3 /* IRWebAPITwitterInterface.h */ = {isa = PBXFileReference; fileEncoding = 4; lastKnownFileType = sourcecode.c.h; path = IRWebAPITwitterInterface.h; sourceTree = "<group>"; };
		FF896DD412A567FA00AE2AF3 /* IRWebAPITwitterInterface.m */ = {isa = PBXFileReference; fileEncoding = 4; lastKnownFileType = sourcecode.c.objc; path = IRWebAPITwitterInterface.m; sourceTree = "<group>"; };
		FF8974E112A57F3800AE2AF3 /* IRWebAPIInterfaceXOAuthAuthenticating.h */ = {isa = PBXFileReference; fileEncoding = 4; lastKnownFileType = sourcecode.c.h; path = IRWebAPIInterfaceXOAuthAuthenticating.h; sourceTree = "<group>"; };
		FF8A111712DF22C6002C9BCA /* IRWebAPIKitTestOAuthHelpers.h */ = {isa = PBXFileReference; fileEncoding = 4; lastKnownFileType = sourcecode.c.h; path = IRWebAPIKitTestOAuthHelpers.h; sourceTree = "<group>"; };
		FF8A111812DF22C6002C9BCA /* IRWebAPIKitTestOAuthHelpers.m */ = {isa = PBXFileReference; fileEncoding = 4; lastKnownFileType = sourcecode.c.objc; path = IRWebAPIKitTestOAuthHelpers.m; sourceTree = "<group>"; };
		FF9AFB4012EC59040037E930 /* IRWebAPIEngine+LocalCaching.h */ = {isa = PBXFileReference; fileEncoding = 4; lastKnownFileType = sourcecode.c.h; path = "IRWebAPIEngine+LocalCaching.h"; sourceTree = "<group>"; };
		FF9AFB4112EC59040037E930 /* IRWebAPIEngine+LocalCaching.m */ = {isa = PBXFileReference; fileEncoding = 4; lastKnownFileType = sourcecode.c.objc; path = "IRWebAPIEngine+LocalCaching.m"; sourceTree = "<group>"; };
		FF9AFB4B12EC597C0037E930 /* IRWebAPIKitDefines.h */ = {isa = PBXFileReference; fileEncoding = 4; lastKnownFileType = sourcecode.c.h; path = IRWebAPIKitDefines.h; sourceTree = "<group>"; };
		FF9AFB7112EC5C060037E930 /* IRWebAPIEngine+FormMultipart.h */ = {isa = PBXFileReference; fileEncoding = 4; lastKnownFileType = sourcecode.c.h; path = "IRWebAPIEngine+FormMultipart.h"; sourceTree = "<group>"; };
		FF9AFB7212EC5C060037E930 /* IRWebAPIEngine+FormMultipart.m */ = {isa = PBXFileReference; fileEncoding = 4; lastKnownFileType = sourcecode.c.objc; path = "IRWebAPIEngine+FormMultipart.m"; sourceTree = "<group>"; };
		FF9AFB7F12EC5CB80037E930 /* IRWebAPIKitDefines.m */ = {isa = PBXFileReference; fileEncoding = 4; lastKnownFileType = sourcecode.c.objc; path = IRWebAPIKitDefines.m; sourceTree = "<group>"; };
		FFC41B8F12B8C59B008EF3D4 /* IRWebAPITwitterInterface+Geo.h */ = {isa = PBXFileReference; fileEncoding = 4; lastKnownFileType = sourcecode.c.h; path = "IRWebAPITwitterInterface+Geo.h"; sourceTree = "<group>"; };
		FFC41B9012B8C59B008EF3D4 /* IRWebAPITwitterInterface+Geo.m */ = {isa = PBXFileReference; fileEncoding = 4; lastKnownFileType = sourcecode.c.objc; path = "IRWebAPITwitterInterface+Geo.m"; sourceTree = "<group>"; };
		FFDA9D0913278C4500546B66 /* MobileCoreServices.framework */ = {isa = PBXFileReference; lastKnownFileType = wrapper.framework; name = MobileCoreServices.framework; path = Platforms/iPhoneOS.platform/Developer/SDKs/iPhoneOS4.3.sdk/System/Library/Frameworks/MobileCoreServices.framework; sourceTree = DEVELOPER_DIR; };
		FFE2607212D084CB001AF1AF /* IRWebAPIKitEntityDefinesGenerator.rb */ = {isa = PBXFileReference; fileEncoding = 4; lastKnownFileType = text.script.ruby; path = IRWebAPIKitEntityDefinesGenerator.rb; sourceTree = "<group>"; };
		FFF90C9412E3768C00464897 /* IRWebAPITwitterInterface+Lists.h */ = {isa = PBXFileReference; fileEncoding = 4; lastKnownFileType = sourcecode.c.h; path = "IRWebAPITwitterInterface+Lists.h"; sourceTree = "<group>"; };
		FFF90C9512E3768C00464897 /* IRWebAPITwitterInterface+Lists.m */ = {isa = PBXFileReference; fileEncoding = 4; lastKnownFileType = sourcecode.c.objc; path = "IRWebAPITwitterInterface+Lists.m"; sourceTree = "<group>"; };
		FFF90D0912E37D0400464897 /* IRWebAPITwitterInterface+Validators.h */ = {isa = PBXFileReference; fileEncoding = 4; lastKnownFileType = sourcecode.c.h; path = "IRWebAPITwitterInterface+Validators.h"; sourceTree = "<group>"; };
		FFF90D0A12E37D0400464897 /* IRWebAPITwitterInterface+Validators.m */ = {isa = PBXFileReference; fileEncoding = 4; lastKnownFileType = sourcecode.c.objc; path = "IRWebAPITwitterInterface+Validators.m"; sourceTree = "<group>"; };
/* End PBXFileReference section */

/* Begin PBXFrameworksBuildPhase section */
		FF45627512D05708000239DC /* Frameworks */ = {
			isa = PBXFrameworksBuildPhase;
			buildActionMask = 2147483647;
			files = (
				FF45629712D057F1000239DC /* libIRWebAPIKit.a in Frameworks */,
				FF45629312D057D6000239DC /* SenTestingKit.framework in Frameworks */,
			);
			runOnlyForDeploymentPostprocessing = 0;
		};
		FF7408221296A8D200571D46 /* Frameworks */ = {
			isa = PBXFrameworksBuildPhase;
			buildActionMask = 2147483647;
			files = (
				FFDA9D0A13278C4500546B66 /* MobileCoreServices.framework in Frameworks */,
				FF7F44E112EDB74F00DC1628 /* CoreFoundation.framework in Frameworks */,
				FF7F44E312EDB74F00DC1628 /* Foundation.framework in Frameworks */,
				FF7F44E712EDB74F00DC1628 /* Security.framework in Frameworks */,
				FF7F44E912EDB74F00DC1628 /* SystemConfiguration.framework in Frameworks */,
			);
			runOnlyForDeploymentPostprocessing = 0;
		};
/* End PBXFrameworksBuildPhase section */

/* Begin PBXGroup section */
		FF0E93DD132BAF9200A316E1 /* Frameworks */ = {
			isa = PBXGroup;
			children = (
				FF7F44E012EDB74F00DC1628 /* CoreFoundation.framework */,
				FF7F44E212EDB74F00DC1628 /* Foundation.framework */,
				FFDA9D0913278C4500546B66 /* MobileCoreServices.framework */,
				FF7F44E612EDB74F00DC1628 /* Security.framework */,
				FF7F44E812EDB74F00DC1628 /* SystemConfiguration.framework */,
			);
			name = Frameworks;
			sourceTree = "<group>";
		};
		FF0E93DE132BAFA200A316E1 /* Remote Resources Handling */ = {
			isa = PBXGroup;
			children = (
				FF0E93E7132BB07000A316E1 /* IRRemoteResourcesManager.h */,
				FF0E93E8132BB07000A316E1 /* IRRemoteResourcesManager.m */,
			);
			name = "Remote Resources Handling";
			sourceTree = "<group>";
		};
		FF25FA79129944A900975BE3 /* Response Parsers and Helpers */ = {
			isa = PBXGroup;
			children = (
				FFE2607C12D0858A001AF1AF /* XML Entity Definitions */,
				FF25FD7D129971EC00975BE3 /* IRWebAPIHelpers.h */,
				FF0D4C0A12ED96E500D9B97D /* IRWebAPIHelpers.m */,
				FF740CA91296EB0C00571D46 /* IRWebAPIResponseParser.h */,
				FF4FCC6112F4637F0037F33C /* IRWebAPIResponseParser.m */,
			);
			name = "Response Parsers and Helpers";
			sourceTree = "<group>";
		};
		FF25FA7A129944B300975BE3 /* Credentials and Authenticators */ = {
			isa = PBXGroup;
			children = (
				FF25FA2D1299406200975BE3 /* IRWebAPICredentials.h */,
				FF25FA2E1299406200975BE3 /* IRWebAPICredentials.m */,
				FF25FA311299406800975BE3 /* IRWebAPIAuthenticator.h */,
				FF25FA321299406800975BE3 /* IRWebAPIAuthenticator.m */,
				FF25FCC812996A5600975BE3 /* IRWebAPIXOAuthAuthenticator.h */,
				FF25FCC912996A5600975BE3 /* IRWebAPIXOAuthAuthenticator.m */,
			);
			name = "Credentials and Authenticators";
			sourceTree = "<group>";
		};
		FF25FA7B129944C200975BE3 /* Engine & Foundation */ = {
			isa = PBXGroup;
			children = (
				FF7408971296B06F00571D46 /* IRWebAPIContext.h */,
				FF7408981296B06F00571D46 /* IRWebAPIContext.m */,
				FF7408451296A94900571D46 /* IRWebAPIEngine.h */,
				FF7408461296A94900571D46 /* IRWebAPIEngine.m */,
				FF9AFB5B12EC5A560037E930 /* IRWebAPIEngine Additions  */,
			);
			name = "Engine & Foundation";
			sourceTree = "<group>";
		};
		FF25FA7C129944D000975BE3 /* Google Reader */ = {
			isa = PBXGroup;
			children = (
				FF25FA7D129944E800975BE3 /* IRWebAPIGoogleReaderAuthenticator.h */,
				FF25FA7E129944E800975BE3 /* IRWebAPIGoogleReaderAuthenticator.m */,
				FF48661412A6329900B75591 /* IRWebAPIGoogleReaderInterface.h */,
				FF48661512A6329900B75591 /* IRWebAPIGoogleReaderInterface.m */,
			);
			name = "Google Reader";
			sourceTree = "<group>";
		};
		FF45628512D05732000239DC /* Test */ = {
			isa = PBXGroup;
			children = (
				FF45627912D05708000239DC /* IRWebAPIKitTest-Info.plist */,
				FF45629212D057D6000239DC /* SenTestingKit.framework */,
				FF45628C12D05769000239DC /* TestIRWebAPIKitStringHelpers.h */,
				FF45628D12D05769000239DC /* TestIRWebAPIKitStringHelpers.m */,
				FF8A111712DF22C6002C9BCA /* IRWebAPIKitTestOAuthHelpers.h */,
				FF8A111812DF22C6002C9BCA /* IRWebAPIKitTestOAuthHelpers.m */,
			);
			name = Test;
			sourceTree = "<group>";
		};
		FF74080C1296A88400571D46 = {
			isa = PBXGroup;
			children = (
				FF9AFB4B12EC597C0037E930 /* IRWebAPIKitDefines.h */,
				FF9AFB7F12EC5CB80037E930 /* IRWebAPIKitDefines.m */,
				FF7408291296A8E000571D46 /* IRWebAPIKit.h */,
				FF25FA7B129944C200975BE3 /* Engine & Foundation */,
				FF25FA79129944A900975BE3 /* Response Parsers and Helpers */,
				FF25FA7A129944B300975BE3 /* Credentials and Authenticators */,
				FF0E93DE132BAFA200A316E1 /* Remote Resources Handling */,
				FF896B5812A5667A00AE2AF3 /* Interfacing Wrapper */,
				FF45628512D05732000239DC /* Test */,
				FF7408191296A88B00571D46 /* Cappuccino */,
				FF0E93DD132BAF9200A316E1 /* Frameworks */,
				FF7408251296A8D200571D46 /* Products */,
			);
			sourceTree = "<group>";
		};
		FF7408191296A88B00571D46 /* Cappuccino */ = {
			isa = PBXGroup;
			children = (
				FF74081A1296A89500571D46 /* IRSiteReachability.j */,
				FF74081B1296A89500571D46 /* IRWebAPIContext.j */,
				FF74081C1296A89500571D46 /* IRWebAPIEngine.j */,
				FF74081D1296A89500571D46 /* IRWebAPIKit.j */,
				FF74081E1296A89500571D46 /* IRWebAPIMockJSONPConnection.j */,
				FF74081F1296A89500571D46 /* IRWebAPIModel.j */,
			);
			name = Cappuccino;
			sourceTree = "<group>";
		};
		FF7408251296A8D200571D46 /* Products */ = {
			isa = PBXGroup;
			children = (
				FF7408241296A8D200571D46 /* libIRWebAPIKit.a */,
				FF45627812D05708000239DC /* IRWebAPIKitTest.octest */,
			);
			name = Products;
			sourceTree = "<group>";
		};
		FF7F44D512EDB66500DC1628 /* TwitPic */ = {
			isa = PBXGroup;
			children = (
				FF7F44B512EDB44400DC1628 /* IRWebAPITwitPicInterface.h */,
				FF7F44B612EDB44400DC1628 /* IRWebAPITwitPicInterface.m */,
			);
			name = TwitPic;
			sourceTree = "<group>";
		};
		FF896B5812A5667A00AE2AF3 /* Interfacing Wrapper */ = {
			isa = PBXGroup;
			children = (
				FF896A6912A5666D00AE2AF3 /* IRWebAPIInterface.h */,
				FF896A6A12A5666D00AE2AF3 /* IRWebAPIInterface.m */,
				FF1B23CB12F3400F00B30B99 /* IRWebAPIInterface+Validators.h */,
				FF1B23CC12F3400F00B30B99 /* IRWebAPIInterface+Validators.m */,
				FF7F44A612EDB36E00DC1628 /* IRWebAPIInterfaceOAuthEchoReliance.h */,
				FF47A29A12A6486900AF729F /* IRWebAPIInterfaceAuthenticating.h */,
				FF8974E112A57F3800AE2AF3 /* IRWebAPIInterfaceXOAuthAuthenticating.h */,
				FF0E874012B9F41C00DF571E /* IRWebAPIInterfaceURLShortening.h */,
				FF7F44C312EDB52800DC1628 /* IRWebAPIImageStorageProvider.h */,
				FF896DD212A567ED00AE2AF3 /* Twitter */,
				FF25FA7C129944D000975BE3 /* Google Reader */,
				FF7F44D512EDB66500DC1628 /* TwitPic */,
			);
			name = "Interfacing Wrapper";
			sourceTree = "<group>";
		};
		FF896DD212A567ED00AE2AF3 /* Twitter */ = {
			isa = PBXGroup;
			children = (
				FF896DD312A567FA00AE2AF3 /* IRWebAPITwitterInterface.h */,
				FF896DD412A567FA00AE2AF3 /* IRWebAPITwitterInterface.m */,
				FFF90D0912E37D0400464897 /* IRWebAPITwitterInterface+Validators.h */,
				FFF90D0A12E37D0400464897 /* IRWebAPITwitterInterface+Validators.m */,
				FF5147BC12BBBBC000F7424F /* IRWebAPITwitterInterface+Timeline.h */,
				FF5147BD12BBBBC000F7424F /* IRWebAPITwitterInterface+Timeline.m */,
				FF609D1D12E4A13E00CD61EB /* IRWebAPITwitterInterface+DirectMessages.h */,
				FF609D1E12E4A13E00CD61EB /* IRWebAPITwitterInterface+DirectMessages.m */,
				FFF90C9412E3768C00464897 /* IRWebAPITwitterInterface+Lists.h */,
				FFF90C9512E3768C00464897 /* IRWebAPITwitterInterface+Lists.m */,
				FF3DD7B81348839D000C6380 /* IRWebAPITwitterInterface+Friendships.h */,
				FF3DD7B91348839D000C6380 /* IRWebAPITwitterInterface+Friendships.m */,
				FFC41B8F12B8C59B008EF3D4 /* IRWebAPITwitterInterface+Geo.h */,
				FFC41B9012B8C59B008EF3D4 /* IRWebAPITwitterInterface+Geo.m */,
			);
			name = Twitter;
			sourceTree = "<group>";
		};
		FF9AFB5B12EC5A560037E930 /* IRWebAPIEngine Additions  */ = {
			isa = PBXGroup;
			children = (
				FF9AFB4012EC59040037E930 /* IRWebAPIEngine+LocalCaching.h */,
				FF9AFB4112EC59040037E930 /* IRWebAPIEngine+LocalCaching.m */,
				FF9AFB7112EC5C060037E930 /* IRWebAPIEngine+FormMultipart.h */,
				FF9AFB7212EC5C060037E930 /* IRWebAPIEngine+FormMultipart.m */,
			);
			name = "IRWebAPIEngine Additions ";
			sourceTree = "<group>";
		};
		FFE2607C12D0858A001AF1AF /* XML Entity Definitions */ = {
			isa = PBXGroup;
			children = (
				FF45635A12D06A46000239DC /* IRWebAPIKitEntityDefines.h */,
				FF45635C12D06A50000239DC /* IRWebAPIKitEntityDefinesHeader.h */,
				FF45637712D07653000239DC /* IRWebAPIKitEntityDefinesFooter.h */,
				FFE2607212D084CB001AF1AF /* IRWebAPIKitEntityDefinesGenerator.rb */,
			);
			name = "XML Entity Definitions";
			sourceTree = "<group>";
		};
/* End PBXGroup section */

/* Begin PBXHeadersBuildPhase section */
		FF7408201296A8D200571D46 /* Headers */ = {
			isa = PBXHeadersBuildPhase;
			buildActionMask = 2147483647;
			files = (
				FF74082B1296A8E000571D46 /* IRWebAPIKit.h in Headers */,
				FF7408471296A94900571D46 /* IRWebAPIEngine.h in Headers */,
				FF7408991296B06F00571D46 /* IRWebAPIContext.h in Headers */,
				FF740CAA1296EB0C00571D46 /* IRWebAPIResponseParser.h in Headers */,
				FF25FA2F1299406200975BE3 /* IRWebAPICredentials.h in Headers */,
				FF25FA331299406800975BE3 /* IRWebAPIAuthenticator.h in Headers */,
				FF25FA7F129944E800975BE3 /* IRWebAPIGoogleReaderAuthenticator.h in Headers */,
				FF25FCCA12996A5600975BE3 /* IRWebAPIXOAuthAuthenticator.h in Headers */,
				FF25FD7E129971EC00975BE3 /* IRWebAPIHelpers.h in Headers */,
				FF896A6B12A5666D00AE2AF3 /* IRWebAPIInterface.h in Headers */,
				FF8974E212A57F3800AE2AF3 /* IRWebAPIInterfaceXOAuthAuthenticating.h in Headers */,
				FF47A29B12A6486900AF729F /* IRWebAPIInterfaceAuthenticating.h in Headers */,
				FF0E874112B9F41C00DF571E /* IRWebAPIInterfaceURLShortening.h in Headers */,
				FF45635B12D06A46000239DC /* IRWebAPIKitEntityDefines.h in Headers */,
				FF45635D12D06A50000239DC /* IRWebAPIKitEntityDefinesHeader.h in Headers */,
				FF45637812D07653000239DC /* IRWebAPIKitEntityDefinesFooter.h in Headers */,
				FF896DD512A567FA00AE2AF3 /* IRWebAPITwitterInterface.h in Headers */,
				FFF90E1E12E3807700464897 /* IRWebAPITwitterInterface+Validators.h in Headers */,
				FFF90E1F12E3807700464897 /* IRWebAPITwitterInterface+Validators.m in Headers */,
				FFF90E2012E3807700464897 /* IRWebAPITwitterInterface.m in Headers */,
				FF5147BE12BBBBC000F7424F /* IRWebAPITwitterInterface+Timeline.h in Headers */,
				FFF90E2112E3807700464897 /* IRWebAPITwitterInterface+Timeline.m in Headers */,
				FFF90E2212E3807700464897 /* IRWebAPITwitterInterface+Lists.h in Headers */,
				FFF90E2312E3807700464897 /* IRWebAPITwitterInterface+Lists.m in Headers */,
				FFC41B9112B8C59B008EF3D4 /* IRWebAPITwitterInterface+Geo.h in Headers */,
				FFF90E2412E3807700464897 /* IRWebAPITwitterInterface+Geo.m in Headers */,
				FF48661612A6329900B75591 /* IRWebAPIGoogleReaderInterface.h in Headers */,
				FFF90E2512E3807700464897 /* IRWebAPIGoogleReaderInterface.m in Headers */,
				FF609D1F12E4A13E00CD61EB /* IRWebAPITwitterInterface+DirectMessages.h in Headers */,
				FF9AFB4212EC59040037E930 /* IRWebAPIEngine+LocalCaching.h in Headers */,
				FF9AFB4C12EC597C0037E930 /* IRWebAPIKitDefines.h in Headers */,
				FF9AFB7312EC5C060037E930 /* IRWebAPIEngine+FormMultipart.h in Headers */,
				FF7F44A712EDB36E00DC1628 /* IRWebAPIInterfaceOAuthEchoReliance.h in Headers */,
				FF7F44B712EDB44400DC1628 /* IRWebAPITwitPicInterface.h in Headers */,
				FF7F44C412EDB52800DC1628 /* IRWebAPIImageStorageProvider.h in Headers */,
				FF1B23CD12F3400F00B30B99 /* IRWebAPIInterface+Validators.h in Headers */,
				FF0E93E9132BB07000A316E1 /* IRRemoteResourcesManager.h in Headers */,
				FF3DD7BA1348839D000C6380 /* IRWebAPITwitterInterface+Friendships.h in Headers */,
			);
			runOnlyForDeploymentPostprocessing = 0;
		};
		FFF90E3712E380A700464897 /* Headers */ = {
			isa = PBXHeadersBuildPhase;
			buildActionMask = 2147483647;
			files = (
				FFF90E2B12E3808F00464897 /* TestIRWebAPIKitStringHelpers.h in Headers */,
				FFF90E2C12E3808F00464897 /* IRWebAPIKitTestOAuthHelpers.h in Headers */,
			);
			runOnlyForDeploymentPostprocessing = 0;
		};
/* End PBXHeadersBuildPhase section */

/* Begin PBXNativeTarget section */
		FF45627712D05708000239DC /* IRWebAPIKitTest */ = {
			isa = PBXNativeTarget;
			buildConfigurationList = FF45627C12D05709000239DC /* Build configuration list for PBXNativeTarget "IRWebAPIKitTest" */;
			buildPhases = (
				FFF90E3712E380A700464897 /* Headers */,
				FF45627412D05708000239DC /* Sources */,
				FF45627512D05708000239DC /* Frameworks */,
				FF45627612D05708000239DC /* ShellScript */,
			);
			buildRules = (
			);
			dependencies = (
				FF45627E12D0571F000239DC /* PBXTargetDependency */,
			);
			name = IRWebAPIKitTest;
			productName = IRWebAPIKitTest;
			productReference = FF45627812D05708000239DC /* IRWebAPIKitTest.octest */;
			productType = "com.apple.product-type.bundle";
		};
		FF7408231296A8D200571D46 /* IRWebAPIKit */ = {
			isa = PBXNativeTarget;
			buildConfigurationList = FF7408281296A8D400571D46 /* Build configuration list for PBXNativeTarget "IRWebAPIKit" */;
			buildPhases = (
				FF7408201296A8D200571D46 /* Headers */,
				FF7408211296A8D200571D46 /* Sources */,
				FF7408221296A8D200571D46 /* Frameworks */,
			);
			buildRules = (
			);
			dependencies = (
			);
			name = IRWebAPIKit;
			productName = IRWebAPIKit;
			productReference = FF7408241296A8D200571D46 /* libIRWebAPIKit.a */;
			productType = "com.apple.product-type.library.static";
		};
/* End PBXNativeTarget section */

/* Begin PBXProject section */
		FF74080E1296A88400571D46 /* Project object */ = {
			isa = PBXProject;
			buildConfigurationList = FF7408111296A88400571D46 /* Build configuration list for PBXProject "IRWebAPIKit" */;
			compatibilityVersion = "Xcode 3.2";
			developmentRegion = English;
			hasScannedForEncodings = 0;
			knownRegions = (
				English,
				Japanese,
				French,
				German,
			);
			mainGroup = FF74080C1296A88400571D46;
			productRefGroup = FF7408251296A8D200571D46 /* Products */;
			projectDirPath = "";
			projectRoot = "";
			targets = (
				FF7408231296A8D200571D46 /* IRWebAPIKit */,
				FF45627712D05708000239DC /* IRWebAPIKitTest */,
			);
		};
/* End PBXProject section */

/* Begin PBXShellScriptBuildPhase section */
		FF45627612D05708000239DC /* ShellScript */ = {
			isa = PBXShellScriptBuildPhase;
			buildActionMask = 2147483647;
			files = (
			);
			inputPaths = (
			);
			outputPaths = (
			);
			runOnlyForDeploymentPostprocessing = 0;
			shellPath = /bin/sh;
			shellScript = "# Run the unit tests in this test bundle.\n\"${SYSTEM_DEVELOPER_DIR}/Tools/RunUnitTests\"\n";
		};
/* End PBXShellScriptBuildPhase section */

/* Begin PBXSourcesBuildPhase section */
		FF45627412D05708000239DC /* Sources */ = {
			isa = PBXSourcesBuildPhase;
			buildActionMask = 2147483647;
			files = (
				FFF90E2812E3808200464897 /* IRWebAPIKitTestOAuthHelpers.m in Sources */,
				FF4562F512D0589B000239DC /* TestIRWebAPIKitStringHelpers.m in Sources */,
				FF9AFB8012EC5CB80037E930 /* IRWebAPIKitDefines.m in Sources */,
			);
			runOnlyForDeploymentPostprocessing = 0;
		};
		FF7408211296A8D200571D46 /* Sources */ = {
			isa = PBXSourcesBuildPhase;
			buildActionMask = 2147483647;
			files = (
				FF9AFBF312EC5E9F0037E930 /* IRWebAPIKitDefines.m in Sources */,
				FF896A6C12A5666D00AE2AF3 /* IRWebAPIInterface.m in Sources */,
				FF74089A1296B06F00571D46 /* IRWebAPIContext.m in Sources */,
				FF896DD612A567FA00AE2AF3 /* IRWebAPITwitterInterface.m in Sources */,
				FF25FA341299406800975BE3 /* IRWebAPIAuthenticator.m in Sources */,
				FF25FA301299406200975BE3 /* IRWebAPICredentials.m in Sources */,
				FF25FA80129944E800975BE3 /* IRWebAPIGoogleReaderAuthenticator.m in Sources */,
				FF25FCCB12996A5600975BE3 /* IRWebAPIXOAuthAuthenticator.m in Sources */,
				FF7408481296A94900571D46 /* IRWebAPIEngine.m in Sources */,
				FF48661712A6329900B75591 /* IRWebAPIGoogleReaderInterface.m in Sources */,
				FFC41B9212B8C59B008EF3D4 /* IRWebAPITwitterInterface+Geo.m in Sources */,
				FF5147BF12BBBBC000F7424F /* IRWebAPITwitterInterface+Timeline.m in Sources */,
				FFF90E1C12E3805D00464897 /* IRWebAPITwitterInterface+Lists.m in Sources */,
				FFF90E1D12E3805D00464897 /* IRWebAPITwitterInterface+Validators.m in Sources */,
				FF609D2012E4A13E00CD61EB /* IRWebAPITwitterInterface+DirectMessages.m in Sources */,
				FF9AFB4312EC59040037E930 /* IRWebAPIEngine+LocalCaching.m in Sources */,
				FF9AFB7412EC5C060037E930 /* IRWebAPIEngine+FormMultipart.m in Sources */,
				FF0D4C0B12ED96E500D9B97D /* IRWebAPIHelpers.m in Sources */,
				FF7F44B812EDB44400DC1628 /* IRWebAPITwitPicInterface.m in Sources */,
				FF1B23CE12F3400F00B30B99 /* IRWebAPIInterface+Validators.m in Sources */,
				FF4FCC6212F4637F0037F33C /* IRWebAPIResponseParser.m in Sources */,
				FF0E93EA132BB07000A316E1 /* IRRemoteResourcesManager.m in Sources */,
				FF3DD7BB1348839D000C6380 /* IRWebAPITwitterInterface+Friendships.m in Sources */,
			);
			runOnlyForDeploymentPostprocessing = 0;
		};
/* End PBXSourcesBuildPhase section */

/* Begin PBXTargetDependency section */
		FF45627E12D0571F000239DC /* PBXTargetDependency */ = {
			isa = PBXTargetDependency;
			target = FF7408231296A8D200571D46 /* IRWebAPIKit */;
			targetProxy = FF45627D12D0571F000239DC /* PBXContainerItemProxy */;
		};
/* End PBXTargetDependency section */

/* Begin XCBuildConfiguration section */
		FF45627A12D05709000239DC /* Debug */ = {
			isa = XCBuildConfiguration;
			buildSettings = {
				ALWAYS_SEARCH_USER_PATHS = NO;
				"CODE_SIGN_IDENTITY[sdk=iphoneos*]" = "";
				COPY_PHASE_STRIP = NO;
				FRAMEWORK_SEARCH_PATHS = (
					"\"$(SDKROOT)/Developer/Library/Frameworks\"",
					"\"$(DEVELOPER_LIBRARY_DIR)/Frameworks\"",
					"\"$(SDKROOT)$(DEVELOPER_FRAMEWORKS_DIR)\"",
				);
				GCC_DYNAMIC_NO_PIC = NO;
				GCC_ENABLE_FIX_AND_CONTINUE = NO;
				GCC_ENABLE_OBJC_EXCEPTIONS = YES;
				GCC_OPTIMIZATION_LEVEL = 0;
				HEADER_SEARCH_PATHS = (
					"\"$(SDKROOT)/Developer/Library/Frameworks\"",
					"\"$(DEVELOPER_LIBRARY_DIR)/Frameworks\"",
					"\"$(SDKROOT)$(DEVELOPER_FRAMEWORKS_DIR)\"",
				);
				INFOPLIST_FILE = "IRWebAPIKitTest-Info.plist";
				OTHER_LDFLAGS = (
					"-framework",
					Foundation,
					"-framework",
					SenTestingKit,
					"-framework",
					UIKit,
				);
				PREBINDING = NO;
				PRODUCT_NAME = IRWebAPIKitTest;
				SDKROOT = iphoneos;
				WRAPPER_EXTENSION = octest;
			};
			name = Debug;
		};
		FF45627B12D05709000239DC /* Release */ = {
			isa = XCBuildConfiguration;
			buildSettings = {
				ALWAYS_SEARCH_USER_PATHS = NO;
				"CODE_SIGN_IDENTITY[sdk=iphoneos*]" = "";
				COPY_PHASE_STRIP = YES;
				DEBUG_INFORMATION_FORMAT = "dwarf-with-dsym";
				FRAMEWORK_SEARCH_PATHS = (
					"\"$(SDKROOT)/Developer/Library/Frameworks\"",
					"\"$(DEVELOPER_LIBRARY_DIR)/Frameworks\"",
				);
				GCC_ENABLE_FIX_AND_CONTINUE = NO;
				GCC_ENABLE_OBJC_EXCEPTIONS = YES;
				INFOPLIST_FILE = "IRWebAPIKitTest-Info.plist";
				OTHER_LDFLAGS = (
					"-framework",
					Foundation,
					"-framework",
					SenTestingKit,
					"-framework",
					UIKit,
				);
				PREBINDING = NO;
				PRODUCT_NAME = IRWebAPIKitTest;
				SDKROOT = iphoneos;
				WRAPPER_EXTENSION = octest;
				ZERO_LINK = NO;
			};
			name = Release;
		};
		FF74080F1296A88400571D46 /* Debug */ = {
			isa = XCBuildConfiguration;
			buildSettings = {
				COPY_PHASE_STRIP = NO;
				GCC_C_LANGUAGE_STANDARD = c99;
				GCC_PREPROCESSOR_DEFINITIONS = "DEBUG=1";
				GCC_VERSION = com.apple.compilers.llvm.clang.1_0;
				OTHER_CFLAGS = "";
				OTHER_LDFLAGS = "";
				PREBINDING = YES;
				SKIP_INSTALL = YES;
			};
			name = Debug;
		};
		FF7408101296A88400571D46 /* Release */ = {
			isa = XCBuildConfiguration;
			buildSettings = {
				COPY_PHASE_STRIP = YES;
				GCC_C_LANGUAGE_STANDARD = c99;
				GCC_VERSION = com.apple.compilers.llvm.clang.1_0;
				OTHER_CFLAGS = "";
				OTHER_LDFLAGS = "";
				PREBINDING = YES;
				SKIP_INSTALL = YES;
			};
			name = Release;
		};
		FF7408261296A8D400571D46 /* Debug */ = {
			isa = XCBuildConfiguration;
			buildSettings = {
				ALWAYS_SEARCH_USER_PATHS = NO;
				ARCHS = "$(ARCHS_UNIVERSAL_IPHONE_OS)";
				COPY_PHASE_STRIP = NO;
				GCC_DYNAMIC_NO_PIC = NO;
				PREBINDING = NO;
				PRODUCT_NAME = IRWebAPIKit;
				SDKROOT = iphoneos;
			};
			name = Debug;
		};
		FF7408271296A8D400571D46 /* Release */ = {
			isa = XCBuildConfiguration;
			buildSettings = {
				ALWAYS_SEARCH_USER_PATHS = NO;
				ARCHS = "$(ARCHS_UNIVERSAL_IPHONE_OS)";
				COPY_PHASE_STRIP = YES;
				DEBUG_INFORMATION_FORMAT = "dwarf-with-dsym";
				GCC_ENABLE_FIX_AND_CONTINUE = NO;
				PREBINDING = NO;
				PRODUCT_NAME = IRWebAPIKit;
				SDKROOT = iphoneos;
				ZERO_LINK = NO;
			};
			name = Release;
		};
/* End XCBuildConfiguration section */

/* Begin XCConfigurationList section */
		FF45627C12D05709000239DC /* Build configuration list for PBXNativeTarget "IRWebAPIKitTest" */ = {
			isa = XCConfigurationList;
			buildConfigurations = (
				FF45627A12D05709000239DC /* Debug */,
				FF45627B12D05709000239DC /* Release */,
			);
			defaultConfigurationIsVisible = 0;
			defaultConfigurationName = Release;
		};
		FF7408111296A88400571D46 /* Build configuration list for PBXProject "IRWebAPIKit" */ = {
			isa = XCConfigurationList;
			buildConfigurations = (
				FF74080F1296A88400571D46 /* Debug */,
				FF7408101296A88400571D46 /* Release */,
			);
			defaultConfigurationIsVisible = 0;
			defaultConfigurationName = Release;
		};
		FF7408281296A8D400571D46 /* Build configuration list for PBXNativeTarget "IRWebAPIKit" */ = {
			isa = XCConfigurationList;
			buildConfigurations = (
				FF7408261296A8D400571D46 /* Debug */,
				FF7408271296A8D400571D46 /* Release */,
			);
			defaultConfigurationIsVisible = 0;
			defaultConfigurationName = Release;
		};
/* End XCConfigurationList section */
	};
	rootObject = FF74080E1296A88400571D46 /* Project object */;
}
