// !$*UTF8*$!
{
	archiveVersion = 1;
	classes = {
	};
	objectVersion = 46;
	objects = {

/* Begin PBXBuildFile section */
		FF25FA2F1299406200975BE3 /* IRWebAPICredentials.h in Headers */ = {isa = PBXBuildFile; fileRef = FF25FA2D1299406200975BE3 /* IRWebAPICredentials.h */; };
		FF25FA301299406200975BE3 /* IRWebAPICredentials.m in Sources */ = {isa = PBXBuildFile; fileRef = FF25FA2E1299406200975BE3 /* IRWebAPICredentials.m */; };
		FF25FA331299406800975BE3 /* IRWebAPIAuthenticator.h in Headers */ = {isa = PBXBuildFile; fileRef = FF25FA311299406800975BE3 /* IRWebAPIAuthenticator.h */; };
		FF25FA341299406800975BE3 /* IRWebAPIAuthenticator.m in Sources */ = {isa = PBXBuildFile; fileRef = FF25FA321299406800975BE3 /* IRWebAPIAuthenticator.m */; };
		FF25FA7F129944E800975BE3 /* IRWebAPIGoogleReaderAuthenticator.h in Headers */ = {isa = PBXBuildFile; fileRef = FF25FA7D129944E800975BE3 /* IRWebAPIGoogleReaderAuthenticator.h */; };
		FF25FA80129944E800975BE3 /* IRWebAPIGoogleReaderAuthenticator.m in Sources */ = {isa = PBXBuildFile; fileRef = FF25FA7E129944E800975BE3 /* IRWebAPIGoogleReaderAuthenticator.m */; };
		FF25FCCA12996A5600975BE3 /* IRWebAPIXOAuthAuthenticator.h in Headers */ = {isa = PBXBuildFile; fileRef = FF25FCC812996A5600975BE3 /* IRWebAPIXOAuthAuthenticator.h */; };
		FF25FCCB12996A5600975BE3 /* IRWebAPIXOAuthAuthenticator.m in Sources */ = {isa = PBXBuildFile; fileRef = FF25FCC912996A5600975BE3 /* IRWebAPIXOAuthAuthenticator.m */; };
		FF25FD7E129971EC00975BE3 /* IRWebAPIHelpers.h in Headers */ = {isa = PBXBuildFile; fileRef = FF25FD7D129971EC00975BE3 /* IRWebAPIHelpers.h */; };
		FF47A29B12A6486900AF729F /* IRWebAPIInterfaceAuthenticating.h in Headers */ = {isa = PBXBuildFile; fileRef = FF47A29A12A6486900AF729F /* IRWebAPIInterfaceAuthenticating.h */; };
		FF48661612A6329900B75591 /* IRWebAPIGoogleReaderInterface.h in Headers */ = {isa = PBXBuildFile; fileRef = FF48661412A6329900B75591 /* IRWebAPIGoogleReaderInterface.h */; };
		FF48661712A6329900B75591 /* IRWebAPIGoogleReaderInterface.m in Sources */ = {isa = PBXBuildFile; fileRef = FF48661512A6329900B75591 /* IRWebAPIGoogleReaderInterface.m */; };
		FF74082B1296A8E000571D46 /* IRWebAPIKit.h in Headers */ = {isa = PBXBuildFile; fileRef = FF7408291296A8E000571D46 /* IRWebAPIKit.h */; };
		FF7408471296A94900571D46 /* IRWebAPIEngine.h in Headers */ = {isa = PBXBuildFile; fileRef = FF7408451296A94900571D46 /* IRWebAPIEngine.h */; };
		FF7408481296A94900571D46 /* IRWebAPIEngine.m in Sources */ = {isa = PBXBuildFile; fileRef = FF7408461296A94900571D46 /* IRWebAPIEngine.m */; };
		FF7408991296B06F00571D46 /* IRWebAPIContext.h in Headers */ = {isa = PBXBuildFile; fileRef = FF7408971296B06F00571D46 /* IRWebAPIContext.h */; };
		FF74089A1296B06F00571D46 /* IRWebAPIContext.m in Sources */ = {isa = PBXBuildFile; fileRef = FF7408981296B06F00571D46 /* IRWebAPIContext.m */; };
		FF740CAA1296EB0C00571D46 /* IRWebAPIResponseParser.h in Headers */ = {isa = PBXBuildFile; fileRef = FF740CA91296EB0C00571D46 /* IRWebAPIResponseParser.h */; };
		FF7A7AAE129CD8210004890B /* IRWebAPIKeychainedCredentials.h in Headers */ = {isa = PBXBuildFile; fileRef = FF7A7AAC129CD8210004890B /* IRWebAPIKeychainedCredentials.h */; };
		FF7A7AAF129CD8210004890B /* IRWebAPIKeychainedCredentials.m in Sources */ = {isa = PBXBuildFile; fileRef = FF7A7AAD129CD8210004890B /* IRWebAPIKeychainedCredentials.m */; };
		FF896A6B12A5666D00AE2AF3 /* IRWebAPIInterface.h in Headers */ = {isa = PBXBuildFile; fileRef = FF896A6912A5666D00AE2AF3 /* IRWebAPIInterface.h */; };
		FF896A6C12A5666D00AE2AF3 /* IRWebAPIInterface.m in Sources */ = {isa = PBXBuildFile; fileRef = FF896A6A12A5666D00AE2AF3 /* IRWebAPIInterface.m */; };
		FF896CD012A566BF00AE2AF3 /* CoreFoundation.framework in Frameworks */ = {isa = PBXBuildFile; fileRef = FF896CCF12A566BF00AE2AF3 /* CoreFoundation.framework */; };
		FF896CD212A566BF00AE2AF3 /* Foundation.framework in Frameworks */ = {isa = PBXBuildFile; fileRef = FF896CD112A566BF00AE2AF3 /* Foundation.framework */; };
		FF896CD412A566BF00AE2AF3 /* Security.framework in Frameworks */ = {isa = PBXBuildFile; fileRef = FF896CD312A566BF00AE2AF3 /* Security.framework */; };
		FF896DD512A567FA00AE2AF3 /* IRWebAPITwitterInterface.h in Headers */ = {isa = PBXBuildFile; fileRef = FF896DD312A567FA00AE2AF3 /* IRWebAPITwitterInterface.h */; };
		FF896DD612A567FA00AE2AF3 /* IRWebAPITwitterInterface.m in Sources */ = {isa = PBXBuildFile; fileRef = FF896DD412A567FA00AE2AF3 /* IRWebAPITwitterInterface.m */; };
		FF8974E212A57F3800AE2AF3 /* IRWebAPIInterfaceXOAuthAuthenticating.h in Headers */ = {isa = PBXBuildFile; fileRef = FF8974E112A57F3800AE2AF3 /* IRWebAPIInterfaceXOAuthAuthenticating.h */; };
		FFC41B9112B8C59B008EF3D4 /* IRWebAPITwitterInterface+Geo.h in Headers */ = {isa = PBXBuildFile; fileRef = FFC41B8F12B8C59B008EF3D4 /* IRWebAPITwitterInterface+Geo.h */; };
		FFC41B9212B8C59B008EF3D4 /* IRWebAPITwitterInterface+Geo.m in Sources */ = {isa = PBXBuildFile; fileRef = FFC41B9012B8C59B008EF3D4 /* IRWebAPITwitterInterface+Geo.m */; };
/* End PBXBuildFile section */

/* Begin PBXFileReference section */
		FF25FA2D1299406200975BE3 /* IRWebAPICredentials.h */ = {isa = PBXFileReference; fileEncoding = 4; lastKnownFileType = sourcecode.c.h; path = IRWebAPICredentials.h; sourceTree = "<group>"; };
		FF25FA2E1299406200975BE3 /* IRWebAPICredentials.m */ = {isa = PBXFileReference; fileEncoding = 4; lastKnownFileType = sourcecode.c.objc; path = IRWebAPICredentials.m; sourceTree = "<group>"; };
		FF25FA311299406800975BE3 /* IRWebAPIAuthenticator.h */ = {isa = PBXFileReference; fileEncoding = 4; lastKnownFileType = sourcecode.c.h; path = IRWebAPIAuthenticator.h; sourceTree = "<group>"; };
		FF25FA321299406800975BE3 /* IRWebAPIAuthenticator.m */ = {isa = PBXFileReference; fileEncoding = 4; lastKnownFileType = sourcecode.c.objc; path = IRWebAPIAuthenticator.m; sourceTree = "<group>"; };
		FF25FA7D129944E800975BE3 /* IRWebAPIGoogleReaderAuthenticator.h */ = {isa = PBXFileReference; fileEncoding = 4; lastKnownFileType = sourcecode.c.h; path = IRWebAPIGoogleReaderAuthenticator.h; sourceTree = "<group>"; };
		FF25FA7E129944E800975BE3 /* IRWebAPIGoogleReaderAuthenticator.m */ = {isa = PBXFileReference; fileEncoding = 4; lastKnownFileType = sourcecode.c.objc; path = IRWebAPIGoogleReaderAuthenticator.m; sourceTree = "<group>"; };
		FF25FCC812996A5600975BE3 /* IRWebAPIXOAuthAuthenticator.h */ = {isa = PBXFileReference; fileEncoding = 4; lastKnownFileType = sourcecode.c.h; path = IRWebAPIXOAuthAuthenticator.h; sourceTree = "<group>"; };
		FF25FCC912996A5600975BE3 /* IRWebAPIXOAuthAuthenticator.m */ = {isa = PBXFileReference; fileEncoding = 4; lastKnownFileType = sourcecode.c.objc; path = IRWebAPIXOAuthAuthenticator.m; sourceTree = "<group>"; };
		FF25FD7D129971EC00975BE3 /* IRWebAPIHelpers.h */ = {isa = PBXFileReference; fileEncoding = 4; lastKnownFileType = sourcecode.c.h; path = IRWebAPIHelpers.h; sourceTree = "<group>"; };
		FF47A29A12A6486900AF729F /* IRWebAPIInterfaceAuthenticating.h */ = {isa = PBXFileReference; fileEncoding = 4; lastKnownFileType = sourcecode.c.h; path = IRWebAPIInterfaceAuthenticating.h; sourceTree = "<group>"; };
		FF48661412A6329900B75591 /* IRWebAPIGoogleReaderInterface.h */ = {isa = PBXFileReference; fileEncoding = 4; lastKnownFileType = sourcecode.c.h; path = IRWebAPIGoogleReaderInterface.h; sourceTree = "<group>"; };
		FF48661512A6329900B75591 /* IRWebAPIGoogleReaderInterface.m */ = {isa = PBXFileReference; fileEncoding = 4; lastKnownFileType = sourcecode.c.objc; path = IRWebAPIGoogleReaderInterface.m; sourceTree = "<group>"; };
		FF74081A1296A89500571D46 /* IRSiteReachability.j */ = {isa = PBXFileReference; fileEncoding = 4; lastKnownFileType = text; path = IRSiteReachability.j; sourceTree = "<group>"; };
		FF74081B1296A89500571D46 /* IRWebAPIContext.j */ = {isa = PBXFileReference; fileEncoding = 4; lastKnownFileType = text; path = IRWebAPIContext.j; sourceTree = "<group>"; };
		FF74081C1296A89500571D46 /* IRWebAPIEngine.j */ = {isa = PBXFileReference; fileEncoding = 4; lastKnownFileType = text; path = IRWebAPIEngine.j; sourceTree = "<group>"; };
		FF74081D1296A89500571D46 /* IRWebAPIKit.j */ = {isa = PBXFileReference; fileEncoding = 4; lastKnownFileType = text; path = IRWebAPIKit.j; sourceTree = "<group>"; };
		FF74081E1296A89500571D46 /* IRWebAPIMockJSONPConnection.j */ = {isa = PBXFileReference; fileEncoding = 4; lastKnownFileType = text; path = IRWebAPIMockJSONPConnection.j; sourceTree = "<group>"; };
		FF74081F1296A89500571D46 /* IRWebAPIModel.j */ = {isa = PBXFileReference; fileEncoding = 4; lastKnownFileType = text; path = IRWebAPIModel.j; sourceTree = "<group>"; };
		FF7408241296A8D200571D46 /* libIRWebAPIKit.a */ = {isa = PBXFileReference; explicitFileType = archive.ar; includeInIndex = 0; path = libIRWebAPIKit.a; sourceTree = BUILT_PRODUCTS_DIR; };
		FF7408291296A8E000571D46 /* IRWebAPIKit.h */ = {isa = PBXFileReference; fileEncoding = 4; lastKnownFileType = sourcecode.c.h; path = IRWebAPIKit.h; sourceTree = "<group>"; };
		FF7408451296A94900571D46 /* IRWebAPIEngine.h */ = {isa = PBXFileReference; fileEncoding = 4; lastKnownFileType = sourcecode.c.h; path = IRWebAPIEngine.h; sourceTree = "<group>"; };
		FF7408461296A94900571D46 /* IRWebAPIEngine.m */ = {isa = PBXFileReference; fileEncoding = 4; lastKnownFileType = sourcecode.c.objc; path = IRWebAPIEngine.m; sourceTree = "<group>"; };
		FF7408971296B06F00571D46 /* IRWebAPIContext.h */ = {isa = PBXFileReference; fileEncoding = 4; lastKnownFileType = sourcecode.c.h; path = IRWebAPIContext.h; sourceTree = "<group>"; };
		FF7408981296B06F00571D46 /* IRWebAPIContext.m */ = {isa = PBXFileReference; fileEncoding = 4; lastKnownFileType = sourcecode.c.objc; path = IRWebAPIContext.m; sourceTree = "<group>"; };
		FF740CA91296EB0C00571D46 /* IRWebAPIResponseParser.h */ = {isa = PBXFileReference; fileEncoding = 4; lastKnownFileType = sourcecode.c.h; path = IRWebAPIResponseParser.h; sourceTree = "<group>"; };
		FF7A7AAC129CD8210004890B /* IRWebAPIKeychainedCredentials.h */ = {isa = PBXFileReference; fileEncoding = 4; lastKnownFileType = sourcecode.c.h; path = IRWebAPIKeychainedCredentials.h; sourceTree = "<group>"; };
		FF7A7AAD129CD8210004890B /* IRWebAPIKeychainedCredentials.m */ = {isa = PBXFileReference; fileEncoding = 4; lastKnownFileType = sourcecode.c.objc; path = IRWebAPIKeychainedCredentials.m; sourceTree = "<group>"; };
		FF896A6912A5666D00AE2AF3 /* IRWebAPIInterface.h */ = {isa = PBXFileReference; fileEncoding = 4; lastKnownFileType = sourcecode.c.h; path = IRWebAPIInterface.h; sourceTree = "<group>"; };
		FF896A6A12A5666D00AE2AF3 /* IRWebAPIInterface.m */ = {isa = PBXFileReference; fileEncoding = 4; lastKnownFileType = sourcecode.c.objc; path = IRWebAPIInterface.m; sourceTree = "<group>"; };
		FF896CCF12A566BF00AE2AF3 /* CoreFoundation.framework */ = {isa = PBXFileReference; lastKnownFileType = wrapper.framework; name = CoreFoundation.framework; path = System/Library/Frameworks/CoreFoundation.framework; sourceTree = SDKROOT; };
		FF896CD112A566BF00AE2AF3 /* Foundation.framework */ = {isa = PBXFileReference; lastKnownFileType = wrapper.framework; name = Foundation.framework; path = System/Library/Frameworks/Foundation.framework; sourceTree = SDKROOT; };
		FF896CD312A566BF00AE2AF3 /* Security.framework */ = {isa = PBXFileReference; lastKnownFileType = wrapper.framework; name = Security.framework; path = System/Library/Frameworks/Security.framework; sourceTree = SDKROOT; };
		FF896DD312A567FA00AE2AF3 /* IRWebAPITwitterInterface.h */ = {isa = PBXFileReference; fileEncoding = 4; lastKnownFileType = sourcecode.c.h; path = IRWebAPITwitterInterface.h; sourceTree = "<group>"; };
		FF896DD412A567FA00AE2AF3 /* IRWebAPITwitterInterface.m */ = {isa = PBXFileReference; fileEncoding = 4; lastKnownFileType = sourcecode.c.objc; path = IRWebAPITwitterInterface.m; sourceTree = "<group>"; };
		FF8974E112A57F3800AE2AF3 /* IRWebAPIInterfaceXOAuthAuthenticating.h */ = {isa = PBXFileReference; fileEncoding = 4; lastKnownFileType = sourcecode.c.h; path = IRWebAPIInterfaceXOAuthAuthenticating.h; sourceTree = "<group>"; };
		FFC41B8F12B8C59B008EF3D4 /* IRWebAPITwitterInterface+Geo.h */ = {isa = PBXFileReference; fileEncoding = 4; lastKnownFileType = sourcecode.c.h; path = "IRWebAPITwitterInterface+Geo.h"; sourceTree = "<group>"; };
		FFC41B9012B8C59B008EF3D4 /* IRWebAPITwitterInterface+Geo.m */ = {isa = PBXFileReference; fileEncoding = 4; lastKnownFileType = sourcecode.c.objc; path = "IRWebAPITwitterInterface+Geo.m"; sourceTree = "<group>"; };
/* End PBXFileReference section */

/* Begin PBXFrameworksBuildPhase section */
		FF7408221296A8D200571D46 /* Frameworks */ = {
			isa = PBXFrameworksBuildPhase;
			buildActionMask = 2147483647;
			files = (
				FF896CD012A566BF00AE2AF3 /* CoreFoundation.framework in Frameworks */,
				FF896CD212A566BF00AE2AF3 /* Foundation.framework in Frameworks */,
				FF896CD412A566BF00AE2AF3 /* Security.framework in Frameworks */,
			);
			runOnlyForDeploymentPostprocessing = 0;
		};
/* End PBXFrameworksBuildPhase section */

/* Begin PBXGroup section */
		FF25FA79129944A900975BE3 /* Response Parsers and Helpers */ = {
			isa = PBXGroup;
			children = (
				FF25FD7D129971EC00975BE3 /* IRWebAPIHelpers.h */,
				FF740CA91296EB0C00571D46 /* IRWebAPIResponseParser.h */,
			);
			name = "Response Parsers and Helpers";
			sourceTree = "<group>";
		};
		FF25FA7A129944B300975BE3 /* Credentials and Authenticators */ = {
			isa = PBXGroup;
			children = (
				FF25FA2D1299406200975BE3 /* IRWebAPICredentials.h */,
				FF25FA2E1299406200975BE3 /* IRWebAPICredentials.m */,
				FF25FA311299406800975BE3 /* IRWebAPIAuthenticator.h */,
				FF25FA321299406800975BE3 /* IRWebAPIAuthenticator.m */,
				FF25FCC712996A2C00975BE3 /* Specific Authenticators */,
				FF25FA7C129944D000975BE3 /* Applied Implementations */,
				FF7A7AB1129CD8C80004890B /* Keychain Integration */,
			);
			name = "Credentials and Authenticators";
			sourceTree = "<group>";
		};
		FF25FA7B129944C200975BE3 /* Engine & Foundation */ = {
			isa = PBXGroup;
			children = (
				FF7408451296A94900571D46 /* IRWebAPIEngine.h */,
				FF7408461296A94900571D46 /* IRWebAPIEngine.m */,
				FF7408971296B06F00571D46 /* IRWebAPIContext.h */,
				FF7408981296B06F00571D46 /* IRWebAPIContext.m */,
			);
			name = "Engine & Foundation";
			sourceTree = "<group>";
		};
		FF25FA7C129944D000975BE3 /* Applied Implementations */ = {
			isa = PBXGroup;
			children = (
				FF25FA7D129944E800975BE3 /* IRWebAPIGoogleReaderAuthenticator.h */,
				FF25FA7E129944E800975BE3 /* IRWebAPIGoogleReaderAuthenticator.m */,
			);
			name = "Applied Implementations";
			sourceTree = "<group>";
		};
		FF25FCC712996A2C00975BE3 /* Specific Authenticators */ = {
			isa = PBXGroup;
			children = (
				FF25FCC812996A5600975BE3 /* IRWebAPIXOAuthAuthenticator.h */,
				FF25FCC912996A5600975BE3 /* IRWebAPIXOAuthAuthenticator.m */,
			);
			name = "Specific Authenticators";
			sourceTree = "<group>";
		};
		FF74080C1296A88400571D46 = {
			isa = PBXGroup;
			children = (
				FF7408291296A8E000571D46 /* IRWebAPIKit.h */,
				FF25FA7B129944C200975BE3 /* Engine & Foundation */,
				FF25FA79129944A900975BE3 /* Response Parsers and Helpers */,
				FF25FA7A129944B300975BE3 /* Credentials and Authenticators */,
				FF896B5812A5667A00AE2AF3 /* Interfacing Wrapper */,
				FF7408191296A88B00571D46 /* Cappuccino */,
				FF7408251296A8D200571D46 /* Products */,
				FF896CCF12A566BF00AE2AF3 /* CoreFoundation.framework */,
				FF896CD112A566BF00AE2AF3 /* Foundation.framework */,
				FF896CD312A566BF00AE2AF3 /* Security.framework */,
			);
			sourceTree = "<group>";
		};
		FF7408191296A88B00571D46 /* Cappuccino */ = {
			isa = PBXGroup;
			children = (
				FF74081A1296A89500571D46 /* IRSiteReachability.j */,
				FF74081B1296A89500571D46 /* IRWebAPIContext.j */,
				FF74081C1296A89500571D46 /* IRWebAPIEngine.j */,
				FF74081D1296A89500571D46 /* IRWebAPIKit.j */,
				FF74081E1296A89500571D46 /* IRWebAPIMockJSONPConnection.j */,
				FF74081F1296A89500571D46 /* IRWebAPIModel.j */,
			);
			name = Cappuccino;
			sourceTree = "<group>";
		};
		FF7408251296A8D200571D46 /* Products */ = {
			isa = PBXGroup;
			children = (
				FF7408241296A8D200571D46 /* libIRWebAPIKit.a */,
			);
			name = Products;
			sourceTree = "<group>";
		};
		FF7A7AB1129CD8C80004890B /* Keychain Integration */ = {
			isa = PBXGroup;
			children = (
				FF7A7AAC129CD8210004890B /* IRWebAPIKeychainedCredentials.h */,
				FF7A7AAD129CD8210004890B /* IRWebAPIKeychainedCredentials.m */,
			);
			name = "Keychain Integration";
			sourceTree = "<group>";
		};
		FF896B5812A5667A00AE2AF3 /* Interfacing Wrapper */ = {
			isa = PBXGroup;
			children = (
				FF896A6912A5666D00AE2AF3 /* IRWebAPIInterface.h */,
				FF896A6A12A5666D00AE2AF3 /* IRWebAPIInterface.m */,
				FF47A29A12A6486900AF729F /* IRWebAPIInterfaceAuthenticating.h */,
				FF8974E112A57F3800AE2AF3 /* IRWebAPIInterfaceXOAuthAuthenticating.h */,
				FF896DD212A567ED00AE2AF3 /* Applied Implementations */,
			);
			name = "Interfacing Wrapper";
			sourceTree = "<group>";
		};
		FF896DD212A567ED00AE2AF3 /* Applied Implementations */ = {
			isa = PBXGroup;
			children = (
				FF896DD312A567FA00AE2AF3 /* IRWebAPITwitterInterface.h */,
				FF896DD412A567FA00AE2AF3 /* IRWebAPITwitterInterface.m */,
				FFC41B8F12B8C59B008EF3D4 /* IRWebAPITwitterInterface+Geo.h */,
				FFC41B9012B8C59B008EF3D4 /* IRWebAPITwitterInterface+Geo.m */,
				FF48661412A6329900B75591 /* IRWebAPIGoogleReaderInterface.h */,
				FF48661512A6329900B75591 /* IRWebAPIGoogleReaderInterface.m */,
			);
			name = "Applied Implementations";
			sourceTree = "<group>";
		};
/* End PBXGroup section */

/* Begin PBXHeadersBuildPhase section */
		FF7408201296A8D200571D46 /* Headers */ = {
			isa = PBXHeadersBuildPhase;
			buildActionMask = 2147483647;
			files = (
				FF74082B1296A8E000571D46 /* IRWebAPIKit.h in Headers */,
				FF7408471296A94900571D46 /* IRWebAPIEngine.h in Headers */,
				FF7408991296B06F00571D46 /* IRWebAPIContext.h in Headers */,
				FF740CAA1296EB0C00571D46 /* IRWebAPIResponseParser.h in Headers */,
				FF25FA2F1299406200975BE3 /* IRWebAPICredentials.h in Headers */,
				FF25FA331299406800975BE3 /* IRWebAPIAuthenticator.h in Headers */,
				FF25FA7F129944E800975BE3 /* IRWebAPIGoogleReaderAuthenticator.h in Headers */,
				FF25FCCA12996A5600975BE3 /* IRWebAPIXOAuthAuthenticator.h in Headers */,
				FF25FD7E129971EC00975BE3 /* IRWebAPIHelpers.h in Headers */,
				FF7A7AAE129CD8210004890B /* IRWebAPIKeychainedCredentials.h in Headers */,
				FF896A6B12A5666D00AE2AF3 /* IRWebAPIInterface.h in Headers */,
				FF896DD512A567FA00AE2AF3 /* IRWebAPITwitterInterface.h in Headers */,
				FF8974E212A57F3800AE2AF3 /* IRWebAPIInterfaceXOAuthAuthenticating.h in Headers */,
				FF48661612A6329900B75591 /* IRWebAPIGoogleReaderInterface.h in Headers */,
				FF47A29B12A6486900AF729F /* IRWebAPIInterfaceAuthenticating.h in Headers */,
				FFC41B9112B8C59B008EF3D4 /* IRWebAPITwitterInterface+Geo.h in Headers */,
			);
			runOnlyForDeploymentPostprocessing = 0;
		};
/* End PBXHeadersBuildPhase section */

/* Begin PBXNativeTarget section */
		FF7408231296A8D200571D46 /* IRWebAPIKit */ = {
			isa = PBXNativeTarget;
			buildConfigurationList = FF7408281296A8D400571D46 /* Build configuration list for PBXNativeTarget "IRWebAPIKit" */;
			buildPhases = (
				FF7408201296A8D200571D46 /* Headers */,
				FF7408211296A8D200571D46 /* Sources */,
				FF7408221296A8D200571D46 /* Frameworks */,
			);
			buildRules = (
			);
			dependencies = (
			);
			name = IRWebAPIKit;
			productName = IRWebAPIKit;
			productReference = FF7408241296A8D200571D46 /* libIRWebAPIKit.a */;
			productType = "com.apple.product-type.library.static";
		};
/* End PBXNativeTarget section */

/* Begin PBXProject section */
		FF74080E1296A88400571D46 /* Project object */ = {
			isa = PBXProject;
			buildConfigurationList = FF7408111296A88400571D46 /* Build configuration list for PBXProject "IRWebAPIKit" */;
			compatibilityVersion = "Xcode 3.2";
			developmentRegion = English;
			hasScannedForEncodings = 0;
			knownRegions = (
				English,
				Japanese,
				French,
				German,
			);
			mainGroup = FF74080C1296A88400571D46;
			productRefGroup = FF7408251296A8D200571D46 /* Products */;
			projectDirPath = "";
			projectRoot = "";
			targets = (
				FF7408231296A8D200571D46 /* IRWebAPIKit */,
			);
		};
/* End PBXProject section */

/* Begin PBXSourcesBuildPhase section */
		FF7408211296A8D200571D46 /* Sources */ = {
			isa = PBXSourcesBuildPhase;
			buildActionMask = 2147483647;
			files = (
				FF896A6C12A5666D00AE2AF3 /* IRWebAPIInterface.m in Sources */,
				FF74089A1296B06F00571D46 /* IRWebAPIContext.m in Sources */,
				FF896DD612A567FA00AE2AF3 /* IRWebAPITwitterInterface.m in Sources */,
				FF7A7AAF129CD8210004890B /* IRWebAPIKeychainedCredentials.m in Sources */,
				FF25FA341299406800975BE3 /* IRWebAPIAuthenticator.m in Sources */,
				FF25FA301299406200975BE3 /* IRWebAPICredentials.m in Sources */,
				FF25FA80129944E800975BE3 /* IRWebAPIGoogleReaderAuthenticator.m in Sources */,
				FF25FCCB12996A5600975BE3 /* IRWebAPIXOAuthAuthenticator.m in Sources */,
				FF7408481296A94900571D46 /* IRWebAPIEngine.m in Sources */,
				FF48661712A6329900B75591 /* IRWebAPIGoogleReaderInterface.m in Sources */,
				FFC41B9212B8C59B008EF3D4 /* IRWebAPITwitterInterface+Geo.m in Sources */,
			);
			runOnlyForDeploymentPostprocessing = 0;
		};
/* End PBXSourcesBuildPhase section */

/* Begin XCBuildConfiguration section */
		FF74080F1296A88400571D46 /* Debug */ = {
			isa = XCBuildConfiguration;
			buildSettings = {
				COPY_PHASE_STRIP = NO;
				GCC_C_LANGUAGE_STANDARD = c99;
			};
			name = Debug;
		};
		FF7408101296A88400571D46 /* Release */ = {
			isa = XCBuildConfiguration;
			buildSettings = {
				COPY_PHASE_STRIP = YES;
				GCC_C_LANGUAGE_STANDARD = c99;
			};
			name = Release;
		};
		FF7408261296A8D400571D46 /* Debug */ = {
			isa = XCBuildConfiguration;
			buildSettings = {
				ALWAYS_SEARCH_USER_PATHS = NO;
				ARCHS = "$(ARCHS_UNIVERSAL_IPHONE_OS)";
				COPY_PHASE_STRIP = NO;
				GCC_DYNAMIC_NO_PIC = NO;
				GCC_OPTIMIZATION_LEVEL = 0;
				PREBINDING = NO;
				PRODUCT_NAME = IRWebAPIKit;
				SDKROOT = iphoneos;
			};
			name = Debug;
		};
		FF7408271296A8D400571D46 /* Release */ = {
			isa = XCBuildConfiguration;
			buildSettings = {
				ALWAYS_SEARCH_USER_PATHS = NO;
				ARCHS = "$(ARCHS_UNIVERSAL_IPHONE_OS)";
				COPY_PHASE_STRIP = YES;
				DEBUG_INFORMATION_FORMAT = "dwarf-with-dsym";
				GCC_ENABLE_FIX_AND_CONTINUE = NO;
				PREBINDING = NO;
				PRODUCT_NAME = IRWebAPIKit;
				SDKROOT = iphoneos;
				ZERO_LINK = NO;
			};
			name = Release;
		};
/* End XCBuildConfiguration section */

/* Begin XCConfigurationList section */
		FF7408111296A88400571D46 /* Build configuration list for PBXProject "IRWebAPIKit" */ = {
			isa = XCConfigurationList;
			buildConfigurations = (
				FF74080F1296A88400571D46 /* Debug */,
				FF7408101296A88400571D46 /* Release */,
			);
			defaultConfigurationIsVisible = 0;
			defaultConfigurationName = Release;
		};
		FF7408281296A8D400571D46 /* Build configuration list for PBXNativeTarget "IRWebAPIKit" */ = {
			isa = XCConfigurationList;
			buildConfigurations = (
				FF7408261296A8D400571D46 /* Debug */,
				FF7408271296A8D400571D46 /* Release */,
			);
			defaultConfigurationIsVisible = 0;
			defaultConfigurationName = Release;
		};
/* End XCConfigurationList section */
	};
	rootObject = FF74080E1296A88400571D46 /* Project object */;
}
